{
  "nodes": {
    "nixpkgs": {
      "locked": {
        "lastModified": 1702025387,
        "narHash": "sha256-vf1hTFA9WIWpZeumXi47YQYe6i67qUrYRCxiEfo1m18=",
        "path": "/nix/store/jfk6y1hn84imw60c4fn18i86glylb6vg-source",
        "rev": "17572dd79fb56671aeb81780c1161234e3450a7b",
        "type": "path"
      },
      "original": {
        "id": "nixpkgs",
        "type": "indirect"
      }
    },
    "root": {
      "inputs": {
        "nixpkgs": "nixpkgs"
      }
    }
  },
  "root": "root",
  "version": 7
}
